
Microsoft Visual Studio Solution File, Format Version 12.00
# Visual Studio Version 17
VisualStudioVersion = 17.6.33815.320
MinimumVisualStudioVersion = 10.0.40219.1
Project("{FAE04EC0-301F-11D3-BF4B-00C04F79EFBC}") = "OrchestraSystem", "OrchestraSystem\OrchestraSystem.csproj", "{BA1C39DA-D22B-432C-88AD-6018A79005CD}"
EndProject
Global
	GlobalSection(SolutionConfigurationPlatforms) = preSolution
		Debug|Any CPU = Debug|Any CPU
		Release|Any CPU = Release|Any CPU
	EndGlobalSection
	GlobalSection(ProjectConfigurationPlatforms) = postSolution
		{BA1C39DA-D22B-432C-88AD-6018A79005CD}.Debug|Any CPU.ActiveCfg = Debug|Any CPU
		{BA1C39DA-D22B-432C-88AD-6018A79005CD}.Debug|Any CPU.Build.0 = Debug|Any CPU
		{BA1C39DA-D22B-432C-88AD-6018A79005CD}.Release|Any CPU.ActiveCfg = Release|Any CPU
		{BA1C39DA-D22B-432C-88AD-6018A79005CD}.Release|Any CPU.Build.0 = Release|Any CPU
	EndGlobalSection
	GlobalSection(SolutionProperties) = preSolution
		HideSolutionNode = FALSE
	EndGlobalSection
	GlobalSection(ExtensibilityGlobals) = postSolution
		SolutionGuid = {013435D0-9CE8-4361-B6B9-444A8B39EB73}
	EndGlobalSection
EndGlobal
